// !$*UTF8*$!
{
	archiveVersion = 1;
	classes = {
	};
	objectVersion = 56;
	objects = {

/* Begin PBXBuildFile section */
		CE06D65E2AE5715F00D12DCC /* Service.swift in Sources */ = {isa = PBXBuildFile; fileRef = CE06D65D2AE5715F00D12DCC /* Service.swift */; };
		CE15E8DF2AE951190031F0EE /* WordDetailsController.swift in Sources */ = {isa = PBXBuildFile; fileRef = CE15E8DE2AE951190031F0EE /* WordDetailsController.swift */; };
		CE5406BF2AF29D260063DC66 /* FavoritesService.swift in Sources */ = {isa = PBXBuildFile; fileRef = CE5406BE2AF29D260063DC66 /* FavoritesService.swift */; };
		CE651A062AE6A2E700378430 /* ErrorDictionary.swift in Sources */ = {isa = PBXBuildFile; fileRef = CE651A052AE6A2E700378430 /* ErrorDictionary.swift */; };
		CE72C82E2AE42DBE0002B516 /* DictionaryEntryPreviewCell.swift in Sources */ = {isa = PBXBuildFile; fileRef = CE72C82D2AE42DBE0002B516 /* DictionaryEntryPreviewCell.swift */; };
		CEBCDE9F2AE00819003E039C /* JSONStruct.swift in Sources */ = {isa = PBXBuildFile; fileRef = CEBCDE9E2AE00819003E039C /* JSONStruct.swift */; };
		CEBCDEA22AE01185003E039C /* BaseTabBarController.swift in Sources */ = {isa = PBXBuildFile; fileRef = CEBCDEA12AE01185003E039C /* BaseTabBarController.swift */; };
		CEBCDEA52AE0158B003E039C /* FavoritesController.swift in Sources */ = {isa = PBXBuildFile; fileRef = CEBCDEA42AE0158B003E039C /* FavoritesController.swift */; };
		CEBCDEA72AE01841003E039C /* DictionaryView.swift in Sources */ = {isa = PBXBuildFile; fileRef = CEBCDEA62AE01841003E039C /* DictionaryView.swift */; };
		CEBCDEAA2AE023B7003E039C /* Extension.swift in Sources */ = {isa = PBXBuildFile; fileRef = CEBCDEA92AE023B7003E039C /* Extension.swift */; };
		CEC7DADC2AE7F44300290575 /* CoreDataModel.xcdatamodeld in Sources */ = {isa = PBXBuildFile; fileRef = CEC7DADA2AE7F44300290575 /* CoreDataModel.xcdatamodeld */; };
		CEF48D2C2ADFF48800852997 /* AppDelegate.swift in Sources */ = {isa = PBXBuildFile; fileRef = CEF48D2B2ADFF48800852997 /* AppDelegate.swift */; };
		CEF48D302ADFF48800852997 /* DictionaryController.swift in Sources */ = {isa = PBXBuildFile; fileRef = CEF48D2F2ADFF48800852997 /* DictionaryController.swift */; };
		CEF48D352ADFF48900852997 /* Assets.xcassets in Resources */ = {isa = PBXBuildFile; fileRef = CEF48D342ADFF48900852997 /* Assets.xcassets */; };
		CEF48D382ADFF48900852997 /* LaunchScreen.storyboard in Resources */ = {isa = PBXBuildFile; fileRef = CEF48D362ADFF48900852997 /* LaunchScreen.storyboard */; };
/* End PBXBuildFile section */

/* Begin PBXFileReference section */
		CE06D65D2AE5715F00D12DCC /* Service.swift */ = {isa = PBXFileReference; lastKnownFileType = sourcecode.swift; path = Service.swift; sourceTree = "<group>"; };
		CE15E8DE2AE951190031F0EE /* WordDetailsController.swift */ = {isa = PBXFileReference; lastKnownFileType = sourcecode.swift; path = WordDetailsController.swift; sourceTree = "<group>"; };
		CE5406BE2AF29D260063DC66 /* FavoritesService.swift */ = {isa = PBXFileReference; lastKnownFileType = sourcecode.swift; path = FavoritesService.swift; sourceTree = "<group>"; };
		CE651A052AE6A2E700378430 /* ErrorDictionary.swift */ = {isa = PBXFileReference; lastKnownFileType = sourcecode.swift; path = ErrorDictionary.swift; sourceTree = "<group>"; };
		CE72C82D2AE42DBE0002B516 /* DictionaryEntryPreviewCell.swift */ = {isa = PBXFileReference; lastKnownFileType = sourcecode.swift; path = DictionaryEntryPreviewCell.swift; sourceTree = "<group>"; };
		CEBCDE9E2AE00819003E039C /* JSONStruct.swift */ = {isa = PBXFileReference; lastKnownFileType = sourcecode.swift; path = JSONStruct.swift; sourceTree = "<group>"; };
		CEBCDEA12AE01185003E039C /* BaseTabBarController.swift */ = {isa = PBXFileReference; lastKnownFileType = sourcecode.swift; path = BaseTabBarController.swift; sourceTree = "<group>"; };
		CEBCDEA42AE0158B003E039C /* FavoritesController.swift */ = {isa = PBXFileReference; lastKnownFileType = sourcecode.swift; path = FavoritesController.swift; sourceTree = "<group>"; };
		CEBCDEA62AE01841003E039C /* DictionaryView.swift */ = {isa = PBXFileReference; lastKnownFileType = sourcecode.swift; path = DictionaryView.swift; sourceTree = "<group>"; };
		CEBCDEA92AE023B7003E039C /* Extension.swift */ = {isa = PBXFileReference; lastKnownFileType = sourcecode.swift; path = Extension.swift; sourceTree = "<group>"; };
		CEC7DADB2AE7F44300290575 /* CoreDataModel.xcdatamodel */ = {isa = PBXFileReference; lastKnownFileType = wrapper.xcdatamodel; path = CoreDataModel.xcdatamodel; sourceTree = "<group>"; };
		CEF48D282ADFF48800852997 /* Dictionary.app */ = {isa = PBXFileReference; explicitFileType = wrapper.application; includeInIndex = 0; path = Dictionary.app; sourceTree = BUILT_PRODUCTS_DIR; };
		CEF48D2B2ADFF48800852997 /* AppDelegate.swift */ = {isa = PBXFileReference; lastKnownFileType = sourcecode.swift; path = AppDelegate.swift; sourceTree = "<group>"; };
		CEF48D2F2ADFF48800852997 /* DictionaryController.swift */ = {isa = PBXFileReference; lastKnownFileType = sourcecode.swift; path = DictionaryController.swift; sourceTree = "<group>"; };
		CEF48D342ADFF48900852997 /* Assets.xcassets */ = {isa = PBXFileReference; lastKnownFileType = folder.assetcatalog; path = Assets.xcassets; sourceTree = "<group>"; };
		CEF48D372ADFF48900852997 /* Base */ = {isa = PBXFileReference; lastKnownFileType = file.storyboard; name = Base; path = Base.lproj/LaunchScreen.storyboard; sourceTree = "<group>"; };
		CEF48D392ADFF48900852997 /* Info.plist */ = {isa = PBXFileReference; lastKnownFileType = text.plist.xml; path = Info.plist; sourceTree = "<group>"; };
/* End PBXFileReference section */

/* Begin PBXFrameworksBuildPhase section */
		CEF48D252ADFF48800852997 /* Frameworks */ = {
			isa = PBXFrameworksBuildPhase;
			buildActionMask = 2147483647;
			files = (
			);
			runOnlyForDeploymentPostprocessing = 0;
		};
/* End PBXFrameworksBuildPhase section */

/* Begin PBXGroup section */
		CE06D65C2AE5714D00D12DCC /* Service */ = {
			isa = PBXGroup;
			children = (
				CE06D65D2AE5715F00D12DCC /* Service.swift */,
				CE5406BE2AF29D260063DC66 /* FavoritesService.swift */,
			);
			path = Service;
			sourceTree = "<group>";
		};
		CEBCDEA02AE00823003E039C /* Model */ = {
			isa = PBXGroup;
			children = (
				CEBCDE9E2AE00819003E039C /* JSONStruct.swift */,
				CEC7DADA2AE7F44300290575 /* CoreDataModel.xcdatamodeld */,
				CE651A052AE6A2E700378430 /* ErrorDictionary.swift */,
			);
			path = Model;
			sourceTree = "<group>";
		};
		CEBCDEA32AE01194003E039C /* Controller */ = {
			isa = PBXGroup;
			children = (
				CEF48D2F2ADFF48800852997 /* DictionaryController.swift */,
				CE15E8DE2AE951190031F0EE /* WordDetailsController.swift */,
				CEBCDEA42AE0158B003E039C /* FavoritesController.swift */,
				CEBCDEA12AE01185003E039C /* BaseTabBarController.swift */,
			);
			path = Controller;
			sourceTree = "<group>";
		};
		CEBCDEA82AE0185B003E039C /* View */ = {
			isa = PBXGroup;
			children = (
				CEBCDEA62AE01841003E039C /* DictionaryView.swift */,
				CE72C82D2AE42DBE0002B516 /* DictionaryEntryPreviewCell.swift */,
			);
			path = View;
			sourceTree = "<group>";
		};
		CEF48D1F2ADFF48800852997 = {
			isa = PBXGroup;
			children = (
				CEF48D2A2ADFF48800852997 /* Dictionary */,
				CEF48D292ADFF48800852997 /* Products */,
			);
			sourceTree = "<group>";
		};
		CEF48D292ADFF48800852997 /* Products */ = {
			isa = PBXGroup;
			children = (
				CEF48D282ADFF48800852997 /* Dictionary.app */,
			);
			name = Products;
			sourceTree = "<group>";
		};
		CEF48D2A2ADFF48800852997 /* Dictionary */ = {
			isa = PBXGroup;
			children = (
				CEF48D2B2ADFF48800852997 /* AppDelegate.swift */,
				CEBCDEA92AE023B7003E039C /* Extension.swift */,
				CEBCDEA82AE0185B003E039C /* View */,
				CEBCDEA32AE01194003E039C /* Controller */,
				CEBCDEA02AE00823003E039C /* Model */,
				CE06D65C2AE5714D00D12DCC /* Service */,
				CEF48D362ADFF48900852997 /* LaunchScreen.storyboard */,
				CEF48D342ADFF48900852997 /* Assets.xcassets */,
				CEF48D392ADFF48900852997 /* Info.plist */,
			);
			path = Dictionary;
			sourceTree = "<group>";
		};
/* End PBXGroup section */

/* Begin PBXNativeTarget section */
		CEF48D272ADFF48800852997 /* Dictionary */ = {
			isa = PBXNativeTarget;
			buildConfigurationList = CEF48D3C2ADFF48900852997 /* Build configuration list for PBXNativeTarget "Dictionary" */;
			buildPhases = (
				CEF48D242ADFF48800852997 /* Sources */,
				CEF48D252ADFF48800852997 /* Frameworks */,
				CEF48D262ADFF48800852997 /* Resources */,
			);
			buildRules = (
			);
			dependencies = (
			);
			name = Dictionary;
			productName = Dictionary;
			productReference = CEF48D282ADFF48800852997 /* Dictionary.app */;
			productType = "com.apple.product-type.application";
		};
/* End PBXNativeTarget section */

/* Begin PBXProject section */
		CEF48D202ADFF48800852997 /* Project object */ = {
			isa = PBXProject;
			attributes = {
				BuildIndependentTargetsInParallel = 1;
				LastSwiftUpdateCheck = 1400;
				LastUpgradeCheck = 1400;
				TargetAttributes = {
					CEF48D272ADFF48800852997 = {
						CreatedOnToolsVersion = 14.0.1;
					};
				};
			};
			buildConfigurationList = CEF48D232ADFF48800852997 /* Build configuration list for PBXProject "Dictionary" */;
			compatibilityVersion = "Xcode 14.0";
			developmentRegion = en;
			hasScannedForEncodings = 0;
			knownRegions = (
				en,
				Base,
			);
			mainGroup = CEF48D1F2ADFF48800852997;
			productRefGroup = CEF48D292ADFF48800852997 /* Products */;
			projectDirPath = "";
			projectRoot = "";
			targets = (
				CEF48D272ADFF48800852997 /* Dictionary */,
			);
		};
/* End PBXProject section */

/* Begin PBXResourcesBuildPhase section */
		CEF48D262ADFF48800852997 /* Resources */ = {
			isa = PBXResourcesBuildPhase;
			buildActionMask = 2147483647;
			files = (
				CEF48D382ADFF48900852997 /* LaunchScreen.storyboard in Resources */,
				CEF48D352ADFF48900852997 /* Assets.xcassets in Resources */,
			);
			runOnlyForDeploymentPostprocessing = 0;
		};
/* End PBXResourcesBuildPhase section */

/* Begin PBXSourcesBuildPhase section */
		CEF48D242ADFF48800852997 /* Sources */ = {
			isa = PBXSourcesBuildPhase;
			buildActionMask = 2147483647;
			files = (
				CEBCDEA22AE01185003E039C /* BaseTabBarController.swift in Sources */,
				CEF48D302ADFF48800852997 /* DictionaryController.swift in Sources */,
				CE5406BF2AF29D260063DC66 /* FavoritesService.swift in Sources */,
				CE15E8DF2AE951190031F0EE /* WordDetailsController.swift in Sources */,
				CEC7DADC2AE7F44300290575 /* CoreDataModel.xcdatamodeld in Sources */,
				CE651A062AE6A2E700378430 /* ErrorDictionary.swift in Sources */,
				CEBCDEAA2AE023B7003E039C /* Extension.swift in Sources */,
				CEBCDEA52AE0158B003E039C /* FavoritesController.swift in Sources */,
				CE72C82E2AE42DBE0002B516 /* DictionaryEntryPreviewCell.swift in Sources */,
				CE06D65E2AE5715F00D12DCC /* Service.swift in Sources */,
				CEF48D2C2ADFF48800852997 /* AppDelegate.swift in Sources */,
				CEBCDEA72AE01841003E039C /* DictionaryView.swift in Sources */,
				CEBCDE9F2AE00819003E039C /* JSONStruct.swift in Sources */,
			);
			runOnlyForDeploymentPostprocessing = 0;
		};
/* End PBXSourcesBuildPhase section */

/* Begin PBXVariantGroup section */
		CEF48D362ADFF48900852997 /* LaunchScreen.storyboard */ = {
			isa = PBXVariantGroup;
			children = (
				CEF48D372ADFF48900852997 /* Base */,
			);
			name = LaunchScreen.storyboard;
			sourceTree = "<group>";
		};
/* End PBXVariantGroup section */

/* Begin XCBuildConfiguration section */
		CEF48D3A2ADFF48900852997 /* Debug */ = {
			isa = XCBuildConfiguration;
			buildSettings = {
				ALWAYS_SEARCH_USER_PATHS = NO;
				CLANG_ANALYZER_NONNULL = YES;
				CLANG_ANALYZER_NUMBER_OBJECT_CONVERSION = YES_AGGRESSIVE;
				CLANG_CXX_LANGUAGE_STANDARD = "gnu++20";
				CLANG_ENABLE_MODULES = YES;
				CLANG_ENABLE_OBJC_ARC = YES;
				CLANG_ENABLE_OBJC_WEAK = YES;
				CLANG_WARN_BLOCK_CAPTURE_AUTORELEASING = YES;
				CLANG_WARN_BOOL_CONVERSION = YES;
				CLANG_WARN_COMMA = YES;
				CLANG_WARN_CONSTANT_CONVERSION = YES;
				CLANG_WARN_DEPRECATED_OBJC_IMPLEMENTATIONS = YES;
				CLANG_WARN_DIRECT_OBJC_ISA_USAGE = YES_ERROR;
				CLANG_WARN_DOCUMENTATION_COMMENTS = YES;
				CLANG_WARN_EMPTY_BODY = YES;
				CLANG_WARN_ENUM_CONVERSION = YES;
				CLANG_WARN_INFINITE_RECURSION = YES;
				CLANG_WARN_INT_CONVERSION = YES;
				CLANG_WARN_NON_LITERAL_NULL_CONVERSION = YES;
				CLANG_WARN_OBJC_IMPLICIT_RETAIN_SELF = YES;
				CLANG_WARN_OBJC_LITERAL_CONVERSION = YES;
				CLANG_WARN_OBJC_ROOT_CLASS = YES_ERROR;
				CLANG_WARN_QUOTED_INCLUDE_IN_FRAMEWORK_HEADER = YES;
				CLANG_WARN_RANGE_LOOP_ANALYSIS = YES;
				CLANG_WARN_STRICT_PROTOTYPES = YES;
				CLANG_WARN_SUSPICIOUS_MOVE = YES;
				CLANG_WARN_UNGUARDED_AVAILABILITY = YES_AGGRESSIVE;
				CLANG_WARN_UNREACHABLE_CODE = YES;
				CLANG_WARN__DUPLICATE_METHOD_MATCH = YES;
				COPY_PHASE_STRIP = NO;
				DEBUG_INFORMATION_FORMAT = dwarf;
				ENABLE_STRICT_OBJC_MSGSEND = YES;
				ENABLE_TESTABILITY = YES;
				GCC_C_LANGUAGE_STANDARD = gnu11;
				GCC_DYNAMIC_NO_PIC = NO;
				GCC_NO_COMMON_BLOCKS = YES;
				GCC_OPTIMIZATION_LEVEL = 0;
				GCC_PREPROCESSOR_DEFINITIONS = (
					"DEBUG=1",
					"$(inherited)",
				);
				GCC_WARN_64_TO_32_BIT_CONVERSION = YES;
				GCC_WARN_ABOUT_RETURN_TYPE = YES_ERROR;
				GCC_WARN_UNDECLARED_SELECTOR = YES;
				GCC_WARN_UNINITIALIZED_AUTOS = YES_AGGRESSIVE;
				GCC_WARN_UNUSED_FUNCTION = YES;
				GCC_WARN_UNUSED_VARIABLE = YES;
				IPHONEOS_DEPLOYMENT_TARGET = 16.0;
				MTL_ENABLE_DEBUG_INFO = INCLUDE_SOURCE;
				MTL_FAST_MATH = YES;
				ONLY_ACTIVE_ARCH = YES;
				SDKROOT = iphoneos;
				SWIFT_ACTIVE_COMPILATION_CONDITIONS = DEBUG;
				SWIFT_OPTIMIZATION_LEVEL = "-Onone";
			};
			name = Debug;
		};
		CEF48D3B2ADFF48900852997 /* Release */ = {
			isa = XCBuildConfiguration;
			buildSettings = {
				ALWAYS_SEARCH_USER_PATHS = NO;
				CLANG_ANALYZER_NONNULL = YES;
				CLANG_ANALYZER_NUMBER_OBJECT_CONVERSION = YES_AGGRESSIVE;
				CLANG_CXX_LANGUAGE_STANDARD = "gnu++20";
				CLANG_ENABLE_MODULES = YES;
				CLANG_ENABLE_OBJC_ARC = YES;
				CLANG_ENABLE_OBJC_WEAK = YES;
				CLANG_WARN_BLOCK_CAPTURE_AUTORELEASING = YES;
				CLANG_WARN_BOOL_CONVERSION = YES;
				CLANG_WARN_COMMA = YES;
				CLANG_WARN_CONSTANT_CONVERSION = YES;
				CLANG_WARN_DEPRECATED_OBJC_IMPLEMENTATIONS = YES;
				CLANG_WARN_DIRECT_OBJC_ISA_USAGE = YES_ERROR;
				CLANG_WARN_DOCUMENTATION_COMMENTS = YES;
				CLANG_WARN_EMPTY_BODY = YES;
				CLANG_WARN_ENUM_CONVERSION = YES;
				CLANG_WARN_INFINITE_RECURSION = YES;
				CLANG_WARN_INT_CONVERSION = YES;
				CLANG_WARN_NON_LITERAL_NULL_CONVERSION = YES;
				CLANG_WARN_OBJC_IMPLICIT_RETAIN_SELF = YES;
				CLANG_WARN_OBJC_LITERAL_CONVERSION = YES;
				CLANG_WARN_OBJC_ROOT_CLASS = YES_ERROR;
				CLANG_WARN_QUOTED_INCLUDE_IN_FRAMEWORK_HEADER = YES;
				CLANG_WARN_RANGE_LOOP_ANALYSIS = YES;
				CLANG_WARN_STRICT_PROTOTYPES = YES;
				CLANG_WARN_SUSPICIOUS_MOVE = YES;
				CLANG_WARN_UNGUARDED_AVAILABILITY = YES_AGGRESSIVE;
				CLANG_WARN_UNREACHABLE_CODE = YES;
				CLANG_WARN__DUPLICATE_METHOD_MATCH = YES;
				COPY_PHASE_STRIP = NO;
				DEBUG_INFORMATION_FORMAT = "dwarf-with-dsym";
				ENABLE_NS_ASSERTIONS = NO;
				ENABLE_STRICT_OBJC_MSGSEND = YES;
				GCC_C_LANGUAGE_STANDARD = gnu11;
				GCC_NO_COMMON_BLOCKS = YES;
				GCC_WARN_64_TO_32_BIT_CONVERSION = YES;
				GCC_WARN_ABOUT_RETURN_TYPE = YES_ERROR;
				GCC_WARN_UNDECLARED_SELECTOR = YES;
				GCC_WARN_UNINITIALIZED_AUTOS = YES_AGGRESSIVE;
				GCC_WARN_UNUSED_FUNCTION = YES;
				GCC_WARN_UNUSED_VARIABLE = YES;
				IPHONEOS_DEPLOYMENT_TARGET = 16.0;
				MTL_ENABLE_DEBUG_INFO = NO;
				MTL_FAST_MATH = YES;
				SDKROOT = iphoneos;
				SWIFT_COMPILATION_MODE = wholemodule;
				SWIFT_OPTIMIZATION_LEVEL = "-O";
				VALIDATE_PRODUCT = YES;
			};
			name = Release;
		};
		CEF48D3D2ADFF48900852997 /* Debug */ = {
			isa = XCBuildConfiguration;
			buildSettings = {
				ASSETCATALOG_COMPILER_APPICON_NAME = AppIcon;
				ASSETCATALOG_COMPILER_GLOBAL_ACCENT_COLOR_NAME = AccentColor;
				CODE_SIGN_STYLE = Automatic;
				CURRENT_PROJECT_VERSION = 1;
				DEVELOPMENT_TEAM = 7TK6TBB3FW;
				GENERATE_INFOPLIST_FILE = YES;
				INFOPLIST_FILE = Dictionary/Info.plist;
				INFOPLIST_KEY_UIApplicationSupportsIndirectInputEvents = YES;
				INFOPLIST_KEY_UILaunchStoryboardName = LaunchScreen;
				INFOPLIST_KEY_UISupportedInterfaceOrientations_iPad = "UIInterfaceOrientationPortrait UIInterfaceOrientationPortraitUpsideDown UIInterfaceOrientationLandscapeLeft UIInterfaceOrientationLandscapeRight";
				INFOPLIST_KEY_UISupportedInterfaceOrientations_iPhone = "UIInterfaceOrientationPortrait UIInterfaceOrientationLandscapeLeft UIInterfaceOrientationLandscapeRight";
				LD_RUNPATH_SEARCH_PATHS = (
					"$(inherited)",
					"@executable_path/Frameworks",
				);
				MARKETING_VERSION = 1.0;
				PRODUCT_BUNDLE_IDENTIFIER = com.Renat.Dictionary;
				PRODUCT_NAME = "$(TARGET_NAME)";
				SWIFT_EMIT_LOC_STRINGS = YES;
				SWIFT_VERSION = 5.0;
				TARGETED_DEVICE_FAMILY = "1,2";
			};
			name = Debug;
		};
		CEF48D3E2ADFF48900852997 /* Release */ = {
			isa = XCBuildConfiguration;
			buildSettings = {
				ASSETCATALOG_COMPILER_APPICON_NAME = AppIcon;
				ASSETCATALOG_COMPILER_GLOBAL_ACCENT_COLOR_NAME = AccentColor;
				CODE_SIGN_STYLE = Automatic;
				CURRENT_PROJECT_VERSION = 1;
				DEVELOPMENT_TEAM = 7TK6TBB3FW;
				GENERATE_INFOPLIST_FILE = YES;
				INFOPLIST_FILE = Dictionary/Info.plist;
				INFOPLIST_KEY_UIApplicationSupportsIndirectInputEvents = YES;
				INFOPLIST_KEY_UILaunchStoryboardName = LaunchScreen;
				INFOPLIST_KEY_UISupportedInterfaceOrientations_iPad = "UIInterfaceOrientationPortrait UIInterfaceOrientationPortraitUpsideDown UIInterfaceOrientationLandscapeLeft UIInterfaceOrientationLandscapeRight";
				INFOPLIST_KEY_UISupportedInterfaceOrientations_iPhone = "UIInterfaceOrientationPortrait UIInterfaceOrientationLandscapeLeft UIInterfaceOrientationLandscapeRight";
				LD_RUNPATH_SEARCH_PATHS = (
					"$(inherited)",
					"@executable_path/Frameworks",
				);
				MARKETING_VERSION = 1.0;
				PRODUCT_BUNDLE_IDENTIFIER = com.Renat.Dictionary;
				PRODUCT_NAME = "$(TARGET_NAME)";
				SWIFT_EMIT_LOC_STRINGS = YES;
				SWIFT_VERSION = 5.0;
				TARGETED_DEVICE_FAMILY = "1,2";
			};
			name = Release;
		};
/* End XCBuildConfiguration section */

/* Begin XCConfigurationList section */
		CEF48D232ADFF48800852997 /* Build configuration list for PBXProject "Dictionary" */ = {
			isa = XCConfigurationList;
			buildConfigurations = (
				CEF48D3A2ADFF48900852997 /* Debug */,
				CEF48D3B2ADFF48900852997 /* Release */,
			);
			defaultConfigurationIsVisible = 0;
			defaultConfigurationName = Release;
		};
		CEF48D3C2ADFF48900852997 /* Build configuration list for PBXNativeTarget "Dictionary" */ = {
			isa = XCConfigurationList;
			buildConfigurations = (
				CEF48D3D2ADFF48900852997 /* Debug */,
				CEF48D3E2ADFF48900852997 /* Release */,
			);
			defaultConfigurationIsVisible = 0;
			defaultConfigurationName = Release;
		};
/* End XCConfigurationList section */

/* Begin XCVersionGroup section */
		CEC7DADA2AE7F44300290575 /* CoreDataModel.xcdatamodeld */ = {
			isa = XCVersionGroup;
			children = (
				CEC7DADB2AE7F44300290575 /* CoreDataModel.xcdatamodel */,
			);
			currentVersion = CEC7DADB2AE7F44300290575 /* CoreDataModel.xcdatamodel */;
			path = CoreDataModel.xcdatamodeld;
			sourceTree = "<group>";
			versionGroupType = wrapper.xcdatamodel;
		};
/* End XCVersionGroup section */
	};
	rootObject = CEF48D202ADFF48800852997 /* Project object */;
}
